
Microsoft Visual Studio Solution File, Format Version 12.00
# Visual Studio Version 16
VisualStudioVersion = 16.0.29326.143
MinimumVisualStudioVersion = 10.0.40219.1
Project("{9A19103F-16F7-4668-BE54-9A1E7A4F7556}") = "Pet.Hosting", "Pet.Hosting\Pet.Hosting.csproj", "{408D6900-A57F-40E1-88E8-9D692018782D}"
EndProject
Project("{9A19103F-16F7-4668-BE54-9A1E7A4F7556}") = "Pet.Services", "Pet.Services\Pet.Services.csproj", "{B8303FD9-872A-4641-AB2B-BE95368E1805}"
EndProject
Global
	GlobalSection(SolutionConfigurationPlatforms) = preSolution
		Debug|Any CPU = Debug|Any CPU
		Release|Any CPU = Release|Any CPU
	EndGlobalSection
	GlobalSection(ProjectConfigurationPlatforms) = postSolution
		{408D6900-A57F-40E1-88E8-9D692018782D}.Debug|Any CPU.ActiveCfg = Debug|Any CPU
		{408D6900-A57F-40E1-88E8-9D692018782D}.Debug|Any CPU.Build.0 = Debug|Any CPU
		{408D6900-A57F-40E1-88E8-9D692018782D}.Release|Any CPU.ActiveCfg = Release|Any CPU
		{408D6900-A57F-40E1-88E8-9D692018782D}.Release|Any CPU.Build.0 = Release|Any CPU
		{B8303FD9-872A-4641-AB2B-BE95368E1805}.Debug|Any CPU.ActiveCfg = Debug|Any CPU
		{B8303FD9-872A-4641-AB2B-BE95368E1805}.Debug|Any CPU.Build.0 = Debug|Any CPU
		{B8303FD9-872A-4641-AB2B-BE95368E1805}.Release|Any CPU.ActiveCfg = Release|Any CPU
		{B8303FD9-872A-4641-AB2B-BE95368E1805}.Release|Any CPU.Build.0 = Release|Any CPU
	EndGlobalSection
	GlobalSection(SolutionProperties) = preSolution
		HideSolutionNode = FALSE
	EndGlobalSection
	GlobalSection(ExtensibilityGlobals) = postSolution
		SolutionGuid = {B2581092-F9E8-4720-92B8-1B4AC4D7479B}
	EndGlobalSection
EndGlobal
